
Microsoft Visual Studio Solution File, Format Version 12.00
# Visual Studio Version 17
VisualStudioVersion = 17.7.34009.444
MinimumVisualStudioVersion = 10.0.40219.1
Project("{FAE04EC0-301F-11D3-BF4B-00C04F79EFBC}") = "Sistema de Recursos Humanos", "Sistema de Recursos Humanos\Sistema de Recursos Humanos.csproj", "{EEC0FBA9-5968-4F50-A371-ADE5AB957C2D}"
EndProject
Global
	GlobalSection(SolutionConfigurationPlatforms) = preSolution
		Debug|Any CPU = Debug|Any CPU
		Release|Any CPU = Release|Any CPU
	EndGlobalSection
	GlobalSection(ProjectConfigurationPlatforms) = postSolution
		{EEC0FBA9-5968-4F50-A371-ADE5AB957C2D}.Debug|Any CPU.ActiveCfg = Debug|Any CPU
		{EEC0FBA9-5968-4F50-A371-ADE5AB957C2D}.Debug|Any CPU.Build.0 = Debug|Any CPU
		{EEC0FBA9-5968-4F50-A371-ADE5AB957C2D}.Release|Any CPU.ActiveCfg = Release|Any CPU
		{EEC0FBA9-5968-4F50-A371-ADE5AB957C2D}.Release|Any CPU.Build.0 = Release|Any CPU
	EndGlobalSection
	GlobalSection(SolutionProperties) = preSolution
		HideSolutionNode = FALSE
	EndGlobalSection
	GlobalSection(ExtensibilityGlobals) = postSolution
		SolutionGuid = {442D0E8E-CEFA-430E-B093-776FB9CA9ADA}
	EndGlobalSection
EndGlobal
